// !$*UTF8*$!
{
	archiveVersion = 1;
	classes = {
	};
	objectVersion = 46;
	objects = {

/* Begin PBXBuildFile section */
		B02D32311D61796E00285E48 /* AppDelegate.swift in Sources */ = {isa = PBXBuildFile; fileRef = B02D32301D61796E00285E48 /* AppDelegate.swift */; };
		B02D32331D61796E00285E48 /* MasterViewController.swift in Sources */ = {isa = PBXBuildFile; fileRef = B02D32321D61796E00285E48 /* MasterViewController.swift */; };
		B02D32351D61796E00285E48 /* DetailViewController.swift in Sources */ = {isa = PBXBuildFile; fileRef = B02D32341D61796E00285E48 /* DetailViewController.swift */; };
		B02D32381D61796E00285E48 /* Main.storyboard in Resources */ = {isa = PBXBuildFile; fileRef = B02D32361D61796E00285E48 /* Main.storyboard */; };
		B02D323A1D61796E00285E48 /* Assets.xcassets in Resources */ = {isa = PBXBuildFile; fileRef = B02D32391D61796E00285E48 /* Assets.xcassets */; };
		B02D323D1D61796E00285E48 /* LaunchScreen.storyboard in Resources */ = {isa = PBXBuildFile; fileRef = B02D323B1D61796E00285E48 /* LaunchScreen.storyboard */; };
		B02D32481D61796E00285E48 /* GItHubSearchTests.swift in Sources */ = {isa = PBXBuildFile; fileRef = B02D32471D61796E00285E48 /* GItHubSearchTests.swift */; };
		B02D32531D61796E00285E48 /* GItHubSearchUITests.swift in Sources */ = {isa = PBXBuildFile; fileRef = B02D32521D61796E00285E48 /* GItHubSearchUITests.swift */; };
/* End PBXBuildFile section */

/* Begin PBXContainerItemProxy section */
		B02D32441D61796E00285E48 /* PBXContainerItemProxy */ = {
			isa = PBXContainerItemProxy;
			containerPortal = B02D32251D61796E00285E48 /* Project object */;
			proxyType = 1;
			remoteGlobalIDString = B02D322C1D61796E00285E48;
			remoteInfo = GItHubSearch;
		};
		B02D324F1D61796E00285E48 /* PBXContainerItemProxy */ = {
			isa = PBXContainerItemProxy;
			containerPortal = B02D32251D61796E00285E48 /* Project object */;
			proxyType = 1;
			remoteGlobalIDString = B02D322C1D61796E00285E48;
			remoteInfo = GItHubSearch;
		};
/* End PBXContainerItemProxy section */

/* Begin PBXFileReference section */
		B02D322D1D61796E00285E48 /* GItHubSearch.app */ = {isa = PBXFileReference; explicitFileType = wrapper.application; includeInIndex = 0; path = GItHubSearch.app; sourceTree = BUILT_PRODUCTS_DIR; };
		B02D32301D61796E00285E48 /* AppDelegate.swift */ = {isa = PBXFileReference; lastKnownFileType = sourcecode.swift; path = AppDelegate.swift; sourceTree = "<group>"; };
		B02D32321D61796E00285E48 /* MasterViewController.swift */ = {isa = PBXFileReference; lastKnownFileType = sourcecode.swift; path = MasterViewController.swift; sourceTree = "<group>"; };
		B02D32341D61796E00285E48 /* DetailViewController.swift */ = {isa = PBXFileReference; lastKnownFileType = sourcecode.swift; path = DetailViewController.swift; sourceTree = "<group>"; };
		B02D32371D61796E00285E48 /* Base */ = {isa = PBXFileReference; lastKnownFileType = file.storyboard; name = Base; path = Base.lproj/Main.storyboard; sourceTree = "<group>"; };
		B02D32391D61796E00285E48 /* Assets.xcassets */ = {isa = PBXFileReference; lastKnownFileType = folder.assetcatalog; path = Assets.xcassets; sourceTree = "<group>"; };
		B02D323C1D61796E00285E48 /* Base */ = {isa = PBXFileReference; lastKnownFileType = file.storyboard; name = Base; path = Base.lproj/LaunchScreen.storyboard; sourceTree = "<group>"; };
		B02D323E1D61796E00285E48 /* Info.plist */ = {isa = PBXFileReference; lastKnownFileType = text.plist.xml; path = Info.plist; sourceTree = "<group>"; };
		B02D32431D61796E00285E48 /* GItHubSearchTests.xctest */ = {isa = PBXFileReference; explicitFileType = wrapper.cfbundle; includeInIndex = 0; path = GItHubSearchTests.xctest; sourceTree = BUILT_PRODUCTS_DIR; };
		B02D32471D61796E00285E48 /* GItHubSearchTests.swift */ = {isa = PBXFileReference; lastKnownFileType = sourcecode.swift; path = GItHubSearchTests.swift; sourceTree = "<group>"; };
		B02D32491D61796E00285E48 /* Info.plist */ = {isa = PBXFileReference; lastKnownFileType = text.plist.xml; path = Info.plist; sourceTree = "<group>"; };
		B02D324E1D61796E00285E48 /* GItHubSearchUITests.xctest */ = {isa = PBXFileReference; explicitFileType = wrapper.cfbundle; includeInIndex = 0; path = GItHubSearchUITests.xctest; sourceTree = BUILT_PRODUCTS_DIR; };
		B02D32521D61796E00285E48 /* GItHubSearchUITests.swift */ = {isa = PBXFileReference; lastKnownFileType = sourcecode.swift; path = GItHubSearchUITests.swift; sourceTree = "<group>"; };
		B02D32541D61796E00285E48 /* Info.plist */ = {isa = PBXFileReference; lastKnownFileType = text.plist.xml; path = Info.plist; sourceTree = "<group>"; };
/* End PBXFileReference section */

/* Begin PBXFrameworksBuildPhase section */
		B02D322A1D61796E00285E48 /* Frameworks */ = {
			isa = PBXFrameworksBuildPhase;
			buildActionMask = 2147483647;
			files = (
			);
			runOnlyForDeploymentPostprocessing = 0;
		};
		B02D32401D61796E00285E48 /* Frameworks */ = {
			isa = PBXFrameworksBuildPhase;
			buildActionMask = 2147483647;
			files = (
			);
			runOnlyForDeploymentPostprocessing = 0;
		};
		B02D324B1D61796E00285E48 /* Frameworks */ = {
			isa = PBXFrameworksBuildPhase;
			buildActionMask = 2147483647;
			files = (
			);
			runOnlyForDeploymentPostprocessing = 0;
		};
/* End PBXFrameworksBuildPhase section */

/* Begin PBXGroup section */
		B02D32241D61796E00285E48 = {
			isa = PBXGroup;
			children = (
				B02D322F1D61796E00285E48 /* GItHubSearch */,
				B02D32461D61796E00285E48 /* GItHubSearchTests */,
				B02D32511D61796E00285E48 /* GItHubSearchUITests */,
				B02D322E1D61796E00285E48 /* Products */,
			);
			sourceTree = "<group>";
		};
		B02D322E1D61796E00285E48 /* Products */ = {
			isa = PBXGroup;
			children = (
				B02D322D1D61796E00285E48 /* GItHubSearch.app */,
				B02D32431D61796E00285E48 /* GItHubSearchTests.xctest */,
				B02D324E1D61796E00285E48 /* GItHubSearchUITests.xctest */,
			);
			name = Products;
			sourceTree = "<group>";
		};
		B02D322F1D61796E00285E48 /* GItHubSearch */ = {
			isa = PBXGroup;
			children = (
				B02D32301D61796E00285E48 /* AppDelegate.swift */,
				B02D32321D61796E00285E48 /* MasterViewController.swift */,
				B02D32341D61796E00285E48 /* DetailViewController.swift */,
				B02D32361D61796E00285E48 /* Main.storyboard */,
				B02D32391D61796E00285E48 /* Assets.xcassets */,
				B02D323B1D61796E00285E48 /* LaunchScreen.storyboard */,
				B02D323E1D61796E00285E48 /* Info.plist */,
			);
			path = GItHubSearch;
			sourceTree = "<group>";
		};
		B02D32461D61796E00285E48 /* GItHubSearchTests */ = {
			isa = PBXGroup;
			children = (
				B02D32471D61796E00285E48 /* GItHubSearchTests.swift */,
				B02D32491D61796E00285E48 /* Info.plist */,
			);
			path = GItHubSearchTests;
			sourceTree = "<group>";
		};
		B02D32511D61796E00285E48 /* GItHubSearchUITests */ = {
			isa = PBXGroup;
			children = (
				B02D32521D61796E00285E48 /* GItHubSearchUITests.swift */,
				B02D32541D61796E00285E48 /* Info.plist */,
			);
			path = GItHubSearchUITests;
			sourceTree = "<group>";
		};
/* End PBXGroup section */

/* Begin PBXNativeTarget section */
		B02D322C1D61796E00285E48 /* GItHubSearch */ = {
			isa = PBXNativeTarget;
			buildConfigurationList = B02D32571D61796E00285E48 /* Build configuration list for PBXNativeTarget "GItHubSearch" */;
			buildPhases = (
				B02D32291D61796E00285E48 /* Sources */,
				B02D322A1D61796E00285E48 /* Frameworks */,
				B02D322B1D61796E00285E48 /* Resources */,
			);
			buildRules = (
			);
			dependencies = (
			);
			name = GItHubSearch;
			productName = GItHubSearch;
			productReference = B02D322D1D61796E00285E48 /* GItHubSearch.app */;
			productType = "com.apple.product-type.application";
		};
		B02D32421D61796E00285E48 /* GItHubSearchTests */ = {
			isa = PBXNativeTarget;
			buildConfigurationList = B02D325A1D61796E00285E48 /* Build configuration list for PBXNativeTarget "GItHubSearchTests" */;
			buildPhases = (
				B02D323F1D61796E00285E48 /* Sources */,
				B02D32401D61796E00285E48 /* Frameworks */,
				B02D32411D61796E00285E48 /* Resources */,
			);
			buildRules = (
			);
			dependencies = (
				B02D32451D61796E00285E48 /* PBXTargetDependency */,
			);
			name = GItHubSearchTests;
			productName = GItHubSearchTests;
			productReference = B02D32431D61796E00285E48 /* GItHubSearchTests.xctest */;
			productType = "com.apple.product-type.bundle.unit-test";
		};
		B02D324D1D61796E00285E48 /* GItHubSearchUITests */ = {
			isa = PBXNativeTarget;
			buildConfigurationList = B02D325D1D61796E00285E48 /* Build configuration list for PBXNativeTarget "GItHubSearchUITests" */;
			buildPhases = (
				B02D324A1D61796E00285E48 /* Sources */,
				B02D324B1D61796E00285E48 /* Frameworks */,
				B02D324C1D61796E00285E48 /* Resources */,
			);
			buildRules = (
			);
			dependencies = (
				B02D32501D61796E00285E48 /* PBXTargetDependency */,
			);
			name = GItHubSearchUITests;
			productName = GItHubSearchUITests;
			productReference = B02D324E1D61796E00285E48 /* GItHubSearchUITests.xctest */;
			productType = "com.apple.product-type.bundle.ui-testing";
		};
/* End PBXNativeTarget section */

/* Begin PBXProject section */
		B02D32251D61796E00285E48 /* Project object */ = {
			isa = PBXProject;
			attributes = {
				LastSwiftUpdateCheck = 0730;
				LastUpgradeCheck = 0730;
				ORGANIZATIONNAME = l08084;
				TargetAttributes = {
					B02D322C1D61796E00285E48 = {
						CreatedOnToolsVersion = 7.3.1;
					};
					B02D32421D61796E00285E48 = {
						CreatedOnToolsVersion = 7.3.1;
						TestTargetID = B02D322C1D61796E00285E48;
					};
					B02D324D1D61796E00285E48 = {
						CreatedOnToolsVersion = 7.3.1;
						TestTargetID = B02D322C1D61796E00285E48;
					};
				};
			};
			buildConfigurationList = B02D32281D61796E00285E48 /* Build configuration list for PBXProject "GItHubSearch" */;
			compatibilityVersion = "Xcode 3.2";
			developmentRegion = English;
			hasScannedForEncodings = 0;
			knownRegions = (
				en,
				Base,
			);
			mainGroup = B02D32241D61796E00285E48;
			productRefGroup = B02D322E1D61796E00285E48 /* Products */;
			projectDirPath = "";
			projectRoot = "";
			targets = (
				B02D322C1D61796E00285E48 /* GItHubSearch */,
				B02D32421D61796E00285E48 /* GItHubSearchTests */,
				B02D324D1D61796E00285E48 /* GItHubSearchUITests */,
			);
		};
/* End PBXProject section */

/* Begin PBXResourcesBuildPhase section */
		B02D322B1D61796E00285E48 /* Resources */ = {
			isa = PBXResourcesBuildPhase;
			buildActionMask = 2147483647;
			files = (
				B02D323D1D61796E00285E48 /* LaunchScreen.storyboard in Resources */,
				B02D323A1D61796E00285E48 /* Assets.xcassets in Resources */,
				B02D32381D61796E00285E48 /* Main.storyboard in Resources */,
			);
			runOnlyForDeploymentPostprocessing = 0;
		};
		B02D32411D61796E00285E48 /* Resources */ = {
			isa = PBXResourcesBuildPhase;
			buildActionMask = 2147483647;
			files = (
			);
			runOnlyForDeploymentPostprocessing = 0;
		};
		B02D324C1D61796E00285E48 /* Resources */ = {
			isa = PBXResourcesBuildPhase;
			buildActionMask = 2147483647;
			files = (
			);
			runOnlyForDeploymentPostprocessing = 0;
		};
/* End PBXResourcesBuildPhase section */

/* Begin PBXSourcesBuildPhase section */
		B02D32291D61796E00285E48 /* Sources */ = {
			isa = PBXSourcesBuildPhase;
			buildActionMask = 2147483647;
			files = (
				B02D32351D61796E00285E48 /* DetailViewController.swift in Sources */,
				B02D32331D61796E00285E48 /* MasterViewController.swift in Sources */,
				B02D32311D61796E00285E48 /* AppDelegate.swift in Sources */,
			);
			runOnlyForDeploymentPostprocessing = 0;
		};
		B02D323F1D61796E00285E48 /* Sources */ = {
			isa = PBXSourcesBuildPhase;
			buildActionMask = 2147483647;
			files = (
				B02D32481D61796E00285E48 /* GItHubSearchTests.swift in Sources */,
			);
			runOnlyForDeploymentPostprocessing = 0;
		};
		B02D324A1D61796E00285E48 /* Sources */ = {
			isa = PBXSourcesBuildPhase;
			buildActionMask = 2147483647;
			files = (
				B02D32531D61796E00285E48 /* GItHubSearchUITests.swift in Sources */,
			);
			runOnlyForDeploymentPostprocessing = 0;
		};
/* End PBXSourcesBuildPhase section */

/* Begin PBXTargetDependency section */
		B02D32451D61796E00285E48 /* PBXTargetDependency */ = {
			isa = PBXTargetDependency;
			target = B02D322C1D61796E00285E48 /* GItHubSearch */;
			targetProxy = B02D32441D61796E00285E48 /* PBXContainerItemProxy */;
		};
		B02D32501D61796E00285E48 /* PBXTargetDependency */ = {
			isa = PBXTargetDependency;
			target = B02D322C1D61796E00285E48 /* GItHubSearch */;
			targetProxy = B02D324F1D61796E00285E48 /* PBXContainerItemProxy */;
		};
/* End PBXTargetDependency section */

/* Begin PBXVariantGroup section */
		B02D32361D61796E00285E48 /* Main.storyboard */ = {
			isa = PBXVariantGroup;
			children = (
				B02D32371D61796E00285E48 /* Base */,
			);
			name = Main.storyboard;
			sourceTree = "<group>";
		};
		B02D323B1D61796E00285E48 /* LaunchScreen.storyboard */ = {
			isa = PBXVariantGroup;
			children = (
				B02D323C1D61796E00285E48 /* Base */,
			);
			name = LaunchScreen.storyboard;
			sourceTree = "<group>";
		};
/* End PBXVariantGroup section */

/* Begin XCBuildConfiguration section */
		B02D32551D61796E00285E48 /* Debug */ = {
			isa = XCBuildConfiguration;
			buildSettings = {
				ALWAYS_SEARCH_USER_PATHS = NO;
				CLANG_ANALYZER_NONNULL = YES;
				CLANG_CXX_LANGUAGE_STANDARD = "gnu++0x";
				CLANG_CXX_LIBRARY = "libc++";
				CLANG_ENABLE_MODULES = YES;
				CLANG_ENABLE_OBJC_ARC = YES;
				CLANG_WARN_BOOL_CONVERSION = YES;
				CLANG_WARN_CONSTANT_CONVERSION = YES;
				CLANG_WARN_DIRECT_OBJC_ISA_USAGE = YES_ERROR;
				CLANG_WARN_EMPTY_BODY = YES;
				CLANG_WARN_ENUM_CONVERSION = YES;
				CLANG_WARN_INT_CONVERSION = YES;
				CLANG_WARN_OBJC_ROOT_CLASS = YES_ERROR;
				CLANG_WARN_UNREACHABLE_CODE = YES;
				CLANG_WARN__DUPLICATE_METHOD_MATCH = YES;
				"CODE_SIGN_IDENTITY[sdk=iphoneos*]" = "iPhone Developer";
				COPY_PHASE_STRIP = NO;
				DEBUG_INFORMATION_FORMAT = dwarf;
				ENABLE_STRICT_OBJC_MSGSEND = YES;
				ENABLE_TESTABILITY = YES;
				GCC_C_LANGUAGE_STANDARD = gnu99;
				GCC_DYNAMIC_NO_PIC = NO;
				GCC_NO_COMMON_BLOCKS = YES;
				GCC_OPTIMIZATION_LEVEL = 0;
				GCC_PREPROCESSOR_DEFINITIONS = (
					"DEBUG=1",
					"$(inherited)",
				);
				GCC_WARN_64_TO_32_BIT_CONVERSION = YES;
				GCC_WARN_ABOUT_RETURN_TYPE = YES_ERROR;
				GCC_WARN_UNDECLARED_SELECTOR = YES;
				GCC_WARN_UNINITIALIZED_AUTOS = YES_AGGRESSIVE;
				GCC_WARN_UNUSED_FUNCTION = YES;
				GCC_WARN_UNUSED_VARIABLE = YES;
				IPHONEOS_DEPLOYMENT_TARGET = 9.3;
				MTL_ENABLE_DEBUG_INFO = YES;
				ONLY_ACTIVE_ARCH = YES;
				SDKROOT = iphoneos;
				SWIFT_OPTIMIZATION_LEVEL = "-Onone";
			};
			name = Debug;
		};
		B02D32561D61796E00285E48 /* Release */ = {
			isa = XCBuildConfiguration;
			buildSettings = {
				ALWAYS_SEARCH_USER_PATHS = NO;
				CLANG_ANALYZER_NONNULL = YES;
				CLANG_CXX_LANGUAGE_STANDARD = "gnu++0x";
				CLANG_CXX_LIBRARY = "libc++";
				CLANG_ENABLE_MODULES = YES;
				CLANG_ENABLE_OBJC_ARC = YES;
				CLANG_WARN_BOOL_CONVERSION = YES;
				CLANG_WARN_CONSTANT_CONVERSION = YES;
				CLANG_WARN_DIRECT_OBJC_ISA_USAGE = YES_ERROR;
				CLANG_WARN_EMPTY_BODY = YES;
				CLANG_WARN_ENUM_CONVERSION = YES;
				CLANG_WARN_INT_CONVERSION = YES;
				CLANG_WARN_OBJC_ROOT_CLASS = YES_ERROR;
				CLANG_WARN_UNREACHABLE_CODE = YES;
				CLANG_WARN__DUPLICATE_METHOD_MATCH = YES;
				"CODE_SIGN_IDENTITY[sdk=iphoneos*]" = "iPhone Developer";
				COPY_PHASE_STRIP = NO;
				DEBUG_INFORMATION_FORMAT = "dwarf-with-dsym";
				ENABLE_NS_ASSERTIONS = NO;
				ENABLE_STRICT_OBJC_MSGSEND = YES;
				GCC_C_LANGUAGE_STANDARD = gnu99;
				GCC_NO_COMMON_BLOCKS = YES;
				GCC_WARN_64_TO_32_BIT_CONVERSION = YES;
				GCC_WARN_ABOUT_RETURN_TYPE = YES_ERROR;
				GCC_WARN_UNDECLARED_SELECTOR = YES;
				GCC_WARN_UNINITIALIZED_AUTOS = YES_AGGRESSIVE;
				GCC_WARN_UNUSED_FUNCTION = YES;
				GCC_WARN_UNUSED_VARIABLE = YES;
				IPHONEOS_DEPLOYMENT_TARGET = 9.3;
				MTL_ENABLE_DEBUG_INFO = NO;
				SDKROOT = iphoneos;
				VALIDATE_PRODUCT = YES;
			};
			name = Release;
		};
		B02D32581D61796E00285E48 /* Debug */ = {
			isa = XCBuildConfiguration;
			buildSettings = {
				ASSETCATALOG_COMPILER_APPICON_NAME = AppIcon;
				INFOPLIST_FILE = GItHubSearch/Info.plist;
				LD_RUNPATH_SEARCH_PATHS = "$(inherited) @executable_path/Frameworks";
				PRODUCT_BUNDLE_IDENTIFIER = jp.co.l08084.GItHubSearch;
				PRODUCT_NAME = "$(TARGET_NAME)";
			};
			name = Debug;
		};
		B02D32591D61796E00285E48 /* Release */ = {
			isa = XCBuildConfiguration;
			buildSettings = {
				ASSETCATALOG_COMPILER_APPICON_NAME = AppIcon;
				INFOPLIST_FILE = GItHubSearch/Info.plist;
				LD_RUNPATH_SEARCH_PATHS = "$(inherited) @executable_path/Frameworks";
				PRODUCT_BUNDLE_IDENTIFIER = jp.co.l08084.GItHubSearch;
				PRODUCT_NAME = "$(TARGET_NAME)";
			};
			name = Release;
		};
		B02D325B1D61796E00285E48 /* Debug */ = {
			isa = XCBuildConfiguration;
			buildSettings = {
				BUNDLE_LOADER = "$(TEST_HOST)";
				INFOPLIST_FILE = GItHubSearchTests/Info.plist;
				LD_RUNPATH_SEARCH_PATHS = "$(inherited) @executable_path/Frameworks @loader_path/Frameworks";
				PRODUCT_BUNDLE_IDENTIFIER = jp.co.l08084.GItHubSearchTests;
				PRODUCT_NAME = "$(TARGET_NAME)";
				TEST_HOST = "$(BUILT_PRODUCTS_DIR)/GItHubSearch.app/GItHubSearch";
			};
			name = Debug;
		};
		B02D325C1D61796E00285E48 /* Release */ = {
			isa = XCBuildConfiguration;
			buildSettings = {
				BUNDLE_LOADER = "$(TEST_HOST)";
				INFOPLIST_FILE = GItHubSearchTests/Info.plist;
				LD_RUNPATH_SEARCH_PATHS = "$(inherited) @executable_path/Frameworks @loader_path/Frameworks";
				PRODUCT_BUNDLE_IDENTIFIER = jp.co.l08084.GItHubSearchTests;
				PRODUCT_NAME = "$(TARGET_NAME)";
				TEST_HOST = "$(BUILT_PRODUCTS_DIR)/GItHubSearch.app/GItHubSearch";
			};
			name = Release;
		};
		B02D325E1D61796E00285E48 /* Debug */ = {
			isa = XCBuildConfiguration;
			buildSettings = {
				INFOPLIST_FILE = GItHubSearchUITests/Info.plist;
				LD_RUNPATH_SEARCH_PATHS = "$(inherited) @executable_path/Frameworks @loader_path/Frameworks";
				PRODUCT_BUNDLE_IDENTIFIER = jp.co.l08084.GItHubSearchUITests;
				PRODUCT_NAME = "$(TARGET_NAME)";
				TEST_TARGET_NAME = GItHubSearch;
			};
			name = Debug;
		};
		B02D325F1D61796E00285E48 /* Release */ = {
			isa = XCBuildConfiguration;
			buildSettings = {
				INFOPLIST_FILE = GItHubSearchUITests/Info.plist;
				LD_RUNPATH_SEARCH_PATHS = "$(inherited) @executable_path/Frameworks @loader_path/Frameworks";
				PRODUCT_BUNDLE_IDENTIFIER = jp.co.l08084.GItHubSearchUITests;
				PRODUCT_NAME = "$(TARGET_NAME)";
				TEST_TARGET_NAME = GItHubSearch;
			};
			name = Release;
		};
/* End XCBuildConfiguration section */

/* Begin XCConfigurationList section */
		B02D32281D61796E00285E48 /* Build configuration list for PBXProject "GItHubSearch" */ = {
			isa = XCConfigurationList;
			buildConfigurations = (
				B02D32551D61796E00285E48 /* Debug */,
				B02D32561D61796E00285E48 /* Release */,
			);
			defaultConfigurationIsVisible = 0;
			defaultConfigurationName = Release;
		};
		B02D32571D61796E00285E48 /* Build configuration list for PBXNativeTarget "GItHubSearch" */ = {
			isa = XCConfigurationList;
			buildConfigurations = (
				B02D32581D61796E00285E48 /* Debug */,
				B02D32591D61796E00285E48 /* Release */,
			);
			defaultConfigurationIsVisible = 0;
		};
		B02D325A1D61796E00285E48 /* Build configuration list for PBXNativeTarget "GItHubSearchTests" */ = {
			isa = XCConfigurationList;
			buildConfigurations = (
				B02D325B1D61796E00285E48 /* Debug */,
				B02D325C1D61796E00285E48 /* Release */,
			);
			defaultConfigurationIsVisible = 0;
		};
		B02D325D1D61796E00285E48 /* Build configuration list for PBXNativeTarget "GItHubSearchUITests" */ = {
			isa = XCConfigurationList;
			buildConfigurations = (
				B02D325E1D61796E00285E48 /* Debug */,
				B02D325F1D61796E00285E48 /* Release */,
			);
			defaultConfigurationIsVisible = 0;
		};
/* End XCConfigurationList section */
	};
	rootObject = B02D32251D61796E00285E48 /* Project object */;
}
